
Microsoft Visual Studio Solution File, Format Version 10.00
# Visual Studio 2008
Project("{FAE04EC0-301F-11D3-BF4B-00C04F79EFBC}") = "Service", "Service\Service.csproj", "{A7968B2C-68D2-4FDD-A422-27D2683FA00C}"
EndProject
Project("{FAE04EC0-301F-11D3-BF4B-00C04F79EFBC}") = "Common", "Common\Common.csproj", "{D290E2C1-514D-4863-B33C-5282CF64EDB4}"
EndProject
Project("{FAE04EC0-301F-11D3-BF4B-00C04F79EFBC}") = "Data", "Data\Data.csproj", "{9A78BA61-D282-466A-8E4A-AB1B637AB4E7}"
EndProject
Project("{FAE04EC0-301F-11D3-BF4B-00C04F79EFBC}") = "HostWCF", "HostWCF\HostWCF.csproj", "{F83AD2B1-EF02-4FC2-BBAD-43FA5BB75E21}"
EndProject
Project("{FAE04EC0-301F-11D3-BF4B-00C04F79EFBC}") = "Business", "Business\Business.csproj", "{97F8789D-30B7-4101-A4C1-C575DDB259AE}"
EndProject
Project("{FAE04EC0-301F-11D3-BF4B-00C04F79EFBC}") = "Entity", "Entity\Entity.csproj", "{E4F6C17A-993D-430E-995C-97CE376B93F5}"
EndProject
Project("{FAE04EC0-301F-11D3-BF4B-00C04F79EFBC}") = "WebGdoc", "WebGDoc\WebGdoc.csproj", "{94A48CDF-9D1C-46F3-A0B0-6E36CE32C0C0}"
	ProjectSection(ProjectDependencies) = postProject
		{F83AD2B1-EF02-4FC2-BBAD-43FA5BB75E21} = {F83AD2B1-EF02-4FC2-BBAD-43FA5BB75E21}
	EndProjectSection
EndProject
Project("{2150E333-8FDC-42A3-9474-1A3956D46DE8}") = "Install", "Install", "{B14FEF83-7121-41CA-92BC-176A26D35690}"
EndProject
Project("{54435603-DBB4-11D2-8724-00A0C9A8B90C}") = "Install_PGHost", "Install_PGHost\Install_PGHost.vdproj", "{150635D6-4E74-42DD-96DC-BC076D37B094}"
EndProject
Project("{54435603-DBB4-11D2-8724-00A0C9A8B90C}") = "Install_PGWeb", "Install_PGWeb\Install_PGWeb.vdproj", "{C01B6AA7-B2DB-4C78-BAE7-36AD1ADB1728}"
EndProject
Global
	GlobalSection(SolutionConfigurationPlatforms) = preSolution
		Debug|Any CPU = Debug|Any CPU
		Debug|x64 = Debug|x64
		Default|Any CPU = Default|Any CPU
		Default|x64 = Default|x64
		Release|Any CPU = Release|Any CPU
		Release|x64 = Release|x64
	EndGlobalSection
	GlobalSection(ProjectConfigurationPlatforms) = postSolution
		{A7968B2C-68D2-4FDD-A422-27D2683FA00C}.Debug|Any CPU.ActiveCfg = Debug|Any CPU
		{A7968B2C-68D2-4FDD-A422-27D2683FA00C}.Debug|Any CPU.Build.0 = Debug|Any CPU
		{A7968B2C-68D2-4FDD-A422-27D2683FA00C}.Debug|x64.ActiveCfg = Debug|Any CPU
		{A7968B2C-68D2-4FDD-A422-27D2683FA00C}.Debug|x64.Build.0 = Debug|Any CPU
		{A7968B2C-68D2-4FDD-A422-27D2683FA00C}.Default|Any CPU.ActiveCfg = Debug|Any CPU
		{A7968B2C-68D2-4FDD-A422-27D2683FA00C}.Default|Any CPU.Build.0 = Debug|Any CPU
		{A7968B2C-68D2-4FDD-A422-27D2683FA00C}.Default|x64.ActiveCfg = Debug|Any CPU
		{A7968B2C-68D2-4FDD-A422-27D2683FA00C}.Release|Any CPU.ActiveCfg = Release|Any CPU
		{A7968B2C-68D2-4FDD-A422-27D2683FA00C}.Release|Any CPU.Build.0 = Release|Any CPU
		{A7968B2C-68D2-4FDD-A422-27D2683FA00C}.Release|x64.ActiveCfg = Release|Any CPU
		{D290E2C1-514D-4863-B33C-5282CF64EDB4}.Debug|Any CPU.ActiveCfg = Debug|Any CPU
		{D290E2C1-514D-4863-B33C-5282CF64EDB4}.Debug|Any CPU.Build.0 = Debug|Any CPU
		{D290E2C1-514D-4863-B33C-5282CF64EDB4}.Debug|x64.ActiveCfg = Debug|Any CPU
		{D290E2C1-514D-4863-B33C-5282CF64EDB4}.Debug|x64.Build.0 = Debug|Any CPU
		{D290E2C1-514D-4863-B33C-5282CF64EDB4}.Default|Any CPU.ActiveCfg = Debug|Any CPU
		{D290E2C1-514D-4863-B33C-5282CF64EDB4}.Default|Any CPU.Build.0 = Debug|Any CPU
		{D290E2C1-514D-4863-B33C-5282CF64EDB4}.Default|x64.ActiveCfg = Debug|Any CPU
		{D290E2C1-514D-4863-B33C-5282CF64EDB4}.Release|Any CPU.ActiveCfg = Release|Any CPU
		{D290E2C1-514D-4863-B33C-5282CF64EDB4}.Release|Any CPU.Build.0 = Release|Any CPU
		{D290E2C1-514D-4863-B33C-5282CF64EDB4}.Release|x64.ActiveCfg = Release|Any CPU
		{9A78BA61-D282-466A-8E4A-AB1B637AB4E7}.Debug|Any CPU.ActiveCfg = Debug|Any CPU
		{9A78BA61-D282-466A-8E4A-AB1B637AB4E7}.Debug|Any CPU.Build.0 = Debug|Any CPU
		{9A78BA61-D282-466A-8E4A-AB1B637AB4E7}.Debug|x64.ActiveCfg = Debug|Any CPU
		{9A78BA61-D282-466A-8E4A-AB1B637AB4E7}.Debug|x64.Build.0 = Debug|Any CPU
		{9A78BA61-D282-466A-8E4A-AB1B637AB4E7}.Default|Any CPU.ActiveCfg = Debug|Any CPU
		{9A78BA61-D282-466A-8E4A-AB1B637AB4E7}.Default|Any CPU.Build.0 = Debug|Any CPU
		{9A78BA61-D282-466A-8E4A-AB1B637AB4E7}.Default|x64.ActiveCfg = Debug|Any CPU
		{9A78BA61-D282-466A-8E4A-AB1B637AB4E7}.Release|Any CPU.ActiveCfg = Release|Any CPU
		{9A78BA61-D282-466A-8E4A-AB1B637AB4E7}.Release|Any CPU.Build.0 = Release|Any CPU
		{9A78BA61-D282-466A-8E4A-AB1B637AB4E7}.Release|x64.ActiveCfg = Release|Any CPU
		{F83AD2B1-EF02-4FC2-BBAD-43FA5BB75E21}.Debug|Any CPU.ActiveCfg = Debug|Any CPU
		{F83AD2B1-EF02-4FC2-BBAD-43FA5BB75E21}.Debug|Any CPU.Build.0 = Debug|Any CPU
		{F83AD2B1-EF02-4FC2-BBAD-43FA5BB75E21}.Debug|x64.ActiveCfg = Debug|Any CPU
		{F83AD2B1-EF02-4FC2-BBAD-43FA5BB75E21}.Debug|x64.Build.0 = Debug|Any CPU
		{F83AD2B1-EF02-4FC2-BBAD-43FA5BB75E21}.Default|Any CPU.ActiveCfg = Debug|Any CPU
		{F83AD2B1-EF02-4FC2-BBAD-43FA5BB75E21}.Default|Any CPU.Build.0 = Debug|Any CPU
		{F83AD2B1-EF02-4FC2-BBAD-43FA5BB75E21}.Default|x64.ActiveCfg = Debug|Any CPU
		{F83AD2B1-EF02-4FC2-BBAD-43FA5BB75E21}.Release|Any CPU.ActiveCfg = Release|Any CPU
		{F83AD2B1-EF02-4FC2-BBAD-43FA5BB75E21}.Release|Any CPU.Build.0 = Release|Any CPU
		{F83AD2B1-EF02-4FC2-BBAD-43FA5BB75E21}.Release|x64.ActiveCfg = Release|Any CPU
		{97F8789D-30B7-4101-A4C1-C575DDB259AE}.Debug|Any CPU.ActiveCfg = Debug|Any CPU
		{97F8789D-30B7-4101-A4C1-C575DDB259AE}.Debug|Any CPU.Build.0 = Debug|Any CPU
		{97F8789D-30B7-4101-A4C1-C575DDB259AE}.Debug|x64.ActiveCfg = Debug|Any CPU
		{97F8789D-30B7-4101-A4C1-C575DDB259AE}.Debug|x64.Build.0 = Debug|Any CPU
		{97F8789D-30B7-4101-A4C1-C575DDB259AE}.Default|Any CPU.ActiveCfg = Debug|Any CPU
		{97F8789D-30B7-4101-A4C1-C575DDB259AE}.Default|Any CPU.Build.0 = Debug|Any CPU
		{97F8789D-30B7-4101-A4C1-C575DDB259AE}.Default|x64.ActiveCfg = Debug|Any CPU
		{97F8789D-30B7-4101-A4C1-C575DDB259AE}.Release|Any CPU.ActiveCfg = Release|Any CPU
		{97F8789D-30B7-4101-A4C1-C575DDB259AE}.Release|Any CPU.Build.0 = Release|Any CPU
		{97F8789D-30B7-4101-A4C1-C575DDB259AE}.Release|x64.ActiveCfg = Release|Any CPU
		{E4F6C17A-993D-430E-995C-97CE376B93F5}.Debug|Any CPU.ActiveCfg = Debug|Any CPU
		{E4F6C17A-993D-430E-995C-97CE376B93F5}.Debug|Any CPU.Build.0 = Debug|Any CPU
		{E4F6C17A-993D-430E-995C-97CE376B93F5}.Debug|x64.ActiveCfg = Debug|Any CPU
		{E4F6C17A-993D-430E-995C-97CE376B93F5}.Debug|x64.Build.0 = Debug|Any CPU
		{E4F6C17A-993D-430E-995C-97CE376B93F5}.Default|Any CPU.ActiveCfg = Debug|Any CPU
		{E4F6C17A-993D-430E-995C-97CE376B93F5}.Default|Any CPU.Build.0 = Debug|Any CPU
		{E4F6C17A-993D-430E-995C-97CE376B93F5}.Default|x64.ActiveCfg = Debug|Any CPU
		{E4F6C17A-993D-430E-995C-97CE376B93F5}.Release|Any CPU.ActiveCfg = Release|Any CPU
		{E4F6C17A-993D-430E-995C-97CE376B93F5}.Release|Any CPU.Build.0 = Release|Any CPU
		{E4F6C17A-993D-430E-995C-97CE376B93F5}.Release|x64.ActiveCfg = Release|Any CPU
		{94A48CDF-9D1C-46F3-A0B0-6E36CE32C0C0}.Debug|Any CPU.ActiveCfg = Debug|Any CPU
		{94A48CDF-9D1C-46F3-A0B0-6E36CE32C0C0}.Debug|Any CPU.Build.0 = Debug|Any CPU
		{94A48CDF-9D1C-46F3-A0B0-6E36CE32C0C0}.Debug|x64.ActiveCfg = Debug|Any CPU
		{94A48CDF-9D1C-46F3-A0B0-6E36CE32C0C0}.Debug|x64.Build.0 = Debug|Any CPU
		{94A48CDF-9D1C-46F3-A0B0-6E36CE32C0C0}.Default|Any CPU.ActiveCfg = Debug|Any CPU
		{94A48CDF-9D1C-46F3-A0B0-6E36CE32C0C0}.Default|Any CPU.Build.0 = Debug|Any CPU
		{94A48CDF-9D1C-46F3-A0B0-6E36CE32C0C0}.Default|x64.ActiveCfg = Debug|Any CPU
		{94A48CDF-9D1C-46F3-A0B0-6E36CE32C0C0}.Release|Any CPU.ActiveCfg = Release|Any CPU
		{94A48CDF-9D1C-46F3-A0B0-6E36CE32C0C0}.Release|Any CPU.Build.0 = Release|Any CPU
		{94A48CDF-9D1C-46F3-A0B0-6E36CE32C0C0}.Release|x64.ActiveCfg = Release|Any CPU
		{150635D6-4E74-42DD-96DC-BC076D37B094}.Debug|Any CPU.ActiveCfg = Debug
		{150635D6-4E74-42DD-96DC-BC076D37B094}.Debug|x64.ActiveCfg = Debug
		{150635D6-4E74-42DD-96DC-BC076D37B094}.Default|Any CPU.ActiveCfg = Debug
		{150635D6-4E74-42DD-96DC-BC076D37B094}.Default|x64.ActiveCfg = Debug
		{150635D6-4E74-42DD-96DC-BC076D37B094}.Release|Any CPU.ActiveCfg = Release
		{150635D6-4E74-42DD-96DC-BC076D37B094}.Release|x64.ActiveCfg = Release
		{C01B6AA7-B2DB-4C78-BAE7-36AD1ADB1728}.Debug|Any CPU.ActiveCfg = Debug
		{C01B6AA7-B2DB-4C78-BAE7-36AD1ADB1728}.Debug|x64.ActiveCfg = Debug
		{C01B6AA7-B2DB-4C78-BAE7-36AD1ADB1728}.Default|Any CPU.ActiveCfg = Debug
		{C01B6AA7-B2DB-4C78-BAE7-36AD1ADB1728}.Default|x64.ActiveCfg = Debug
		{C01B6AA7-B2DB-4C78-BAE7-36AD1ADB1728}.Release|Any CPU.ActiveCfg = Release
		{C01B6AA7-B2DB-4C78-BAE7-36AD1ADB1728}.Release|x64.ActiveCfg = Release
	EndGlobalSection
	GlobalSection(SolutionProperties) = preSolution
		HideSolutionNode = FALSE
	EndGlobalSection
	GlobalSection(NestedProjects) = preSolution
		{150635D6-4E74-42DD-96DC-BC076D37B094} = {B14FEF83-7121-41CA-92BC-176A26D35690}
		{C01B6AA7-B2DB-4C78-BAE7-36AD1ADB1728} = {B14FEF83-7121-41CA-92BC-176A26D35690}
	EndGlobalSection
EndGlobal
